
Microsoft Visual Studio Solution File, Format Version 12.00
# Visual Studio 15
VisualStudioVersion = 15.0.28010.2046
MinimumVisualStudioVersion = 10.0.40219.1
Project("{FAE04EC0-301F-11D3-BF4B-00C04F79EFBC}") = "WebApplication", "WebApplication\WebApplication.csproj", "{9DA11DC0-EDCA-4785-BB07-F31ABB24E728}"
EndProject
Project("{FAE04EC0-301F-11D3-BF4B-00C04F79EFBC}") = "WebApi", "WebApi\WebApi.csproj", "{DC61E0DD-7512-4AF7-881E-A587A937FE62}"
EndProject
Project("{FAE04EC0-301F-11D3-BF4B-00C04F79EFBC}") = "LibraryIO", "LibraryIO\LibraryIO.csproj", "{B954A269-F6F4-4542-907E-AE8930C86472}"
EndProject
Global
	GlobalSection(SolutionConfigurationPlatforms) = preSolution
		Debug|Any CPU = Debug|Any CPU
		Release|Any CPU = Release|Any CPU
	EndGlobalSection
	GlobalSection(ProjectConfigurationPlatforms) = postSolution
		{9DA11DC0-EDCA-4785-BB07-F31ABB24E728}.Debug|Any CPU.ActiveCfg = Debug|Any CPU
		{9DA11DC0-EDCA-4785-BB07-F31ABB24E728}.Debug|Any CPU.Build.0 = Debug|Any CPU
		{9DA11DC0-EDCA-4785-BB07-F31ABB24E728}.Release|Any CPU.ActiveCfg = Release|Any CPU
		{9DA11DC0-EDCA-4785-BB07-F31ABB24E728}.Release|Any CPU.Build.0 = Release|Any CPU
		{DC61E0DD-7512-4AF7-881E-A587A937FE62}.Debug|Any CPU.ActiveCfg = Debug|Any CPU
		{DC61E0DD-7512-4AF7-881E-A587A937FE62}.Debug|Any CPU.Build.0 = Debug|Any CPU
		{DC61E0DD-7512-4AF7-881E-A587A937FE62}.Release|Any CPU.ActiveCfg = Release|Any CPU
		{DC61E0DD-7512-4AF7-881E-A587A937FE62}.Release|Any CPU.Build.0 = Release|Any CPU
		{B954A269-F6F4-4542-907E-AE8930C86472}.Debug|Any CPU.ActiveCfg = Debug|Any CPU
		{B954A269-F6F4-4542-907E-AE8930C86472}.Debug|Any CPU.Build.0 = Debug|Any CPU
		{B954A269-F6F4-4542-907E-AE8930C86472}.Release|Any CPU.ActiveCfg = Release|Any CPU
		{B954A269-F6F4-4542-907E-AE8930C86472}.Release|Any CPU.Build.0 = Release|Any CPU
	EndGlobalSection
	GlobalSection(SolutionProperties) = preSolution
		HideSolutionNode = FALSE
	EndGlobalSection
	GlobalSection(ExtensibilityGlobals) = postSolution
		SolutionGuid = {176DE693-99C8-4A16-B457-0B130D5E2DA4}
	EndGlobalSection
EndGlobal
